// !$*UTF8*$!
{
	archiveVersion = 1;
	classes = {
	};
	objectVersion = 50;
	objects = {

/* Begin PBXBuildFile section */
		7530DD2523AB85F000932D02 /* main.cpp in Sources */ = {isa = PBXBuildFile; fileRef = 7530DD2423AB85F000932D02 /* main.cpp */; };
		7530DD2E23AB867400932D02 /* textureloader.mm in Sources */ = {isa = PBXBuildFile; fileRef = 7530DD2A23AB867400932D02 /* textureloader.mm */; settings = {COMPILER_FLAGS = "-fno-objc-arc"; }; };
		7530DD2F23AB867400932D02 /* mtlpp.mm in Sources */ = {isa = PBXBuildFile; fileRef = 7530DD2D23AB867400932D02 /* mtlpp.mm */; settings = {COMPILER_FLAGS = "-fno-objc-arc"; }; };
		7530DD3323AB868700932D02 /* Math.cpp in Sources */ = {isa = PBXBuildFile; fileRef = 7530DD3023AB868700932D02 /* Math.cpp */; };
		7530DD3623AB86AF00932D02 /* window.mm in Sources */ = {isa = PBXBuildFile; fileRef = 7530DD3423AB86AF00932D02 /* window.mm */; settings = {COMPILER_FLAGS = "-fno-objc-arc"; }; };
		7530DD3923AB86CC00932D02 /* Cocoa.framework in Frameworks */ = {isa = PBXBuildFile; fileRef = 7530DD3823AB86CC00932D02 /* Cocoa.framework */; };
		7530DD3B23AB86D500932D02 /* Metal.framework in Frameworks */ = {isa = PBXBuildFile; fileRef = 7530DD3A23AB86D500932D02 /* Metal.framework */; };
		7530DD3D23AB86DD00932D02 /* MetalKit.framework in Frameworks */ = {isa = PBXBuildFile; fileRef = 7530DD3C23AB86DD00932D02 /* MetalKit.framework */; };
		7530DD3F23AB87C800932D02 /* lambert.metal in Sources */ = {isa = PBXBuildFile; fileRef = 7530DD3E23AB87C800932D02 /* lambert.metal */; };
/* End PBXBuildFile section */

/* Begin PBXCopyFilesBuildPhase section */
		7530DD1723AB85BE00932D02 /* CopyFiles */ = {
			isa = PBXCopyFilesBuildPhase;
			buildActionMask = 2147483647;
			dstPath = /usr/share/man/man1/;
			dstSubfolderSpec = 0;
			files = (
			);
			runOnlyForDeploymentPostprocessing = 1;
		};
/* End PBXCopyFilesBuildPhase section */

/* Begin PBXFileReference section */
		7530DD1923AB85BE00932D02 /* tutorial_07 */ = {isa = PBXFileReference; explicitFileType = "compiled.mach-o.executable"; includeInIndex = 0; path = tutorial_07; sourceTree = BUILT_PRODUCTS_DIR; };
		7530DD2423AB85F000932D02 /* main.cpp */ = {isa = PBXFileReference; fileEncoding = 4; lastKnownFileType = sourcecode.cpp.cpp; name = main.cpp; path = src/main.cpp; sourceTree = "<group>"; };
		7530DD2A23AB867400932D02 /* textureloader.mm */ = {isa = PBXFileReference; fileEncoding = 4; lastKnownFileType = sourcecode.cpp.objcpp; name = textureloader.mm; path = ../mtlpp/textureloader.mm; sourceTree = "<group>"; };
		7530DD2B23AB867400932D02 /* mtlpp.hpp */ = {isa = PBXFileReference; fileEncoding = 4; lastKnownFileType = sourcecode.cpp.h; name = mtlpp.hpp; path = ../mtlpp/mtlpp.hpp; sourceTree = "<group>"; };
		7530DD2C23AB867400932D02 /* textureloader.hpp */ = {isa = PBXFileReference; fileEncoding = 4; lastKnownFileType = sourcecode.cpp.h; name = textureloader.hpp; path = ../mtlpp/textureloader.hpp; sourceTree = "<group>"; };
		7530DD2D23AB867400932D02 /* mtlpp.mm */ = {isa = PBXFileReference; fileEncoding = 4; lastKnownFileType = sourcecode.cpp.objcpp; name = mtlpp.mm; path = ../mtlpp/mtlpp.mm; sourceTree = "<group>"; };
		7530DD3023AB868700932D02 /* Math.cpp */ = {isa = PBXFileReference; fileEncoding = 4; lastKnownFileType = sourcecode.cpp.cpp; name = Math.cpp; path = ../commonlib/math/Math.cpp; sourceTree = "<group>"; };
		7530DD3123AB868700932D02 /* Math.h */ = {isa = PBXFileReference; fileEncoding = 4; lastKnownFileType = sourcecode.c.h; name = Math.h; path = ../commonlib/math/Math.h; sourceTree = "<group>"; };
		7530DD3223AB868700932D02 /* Transform.h */ = {isa = PBXFileReference; fileEncoding = 4; lastKnownFileType = sourcecode.c.h; name = Transform.h; path = ../commonlib/math/Transform.h; sourceTree = "<group>"; };
		7530DD3423AB86AF00932D02 /* window.mm */ = {isa = PBXFileReference; fileEncoding = 4; lastKnownFileType = sourcecode.cpp.objcpp; name = window.mm; path = src/window.mm; sourceTree = "<group>"; };
		7530DD3523AB86AF00932D02 /* window.hpp */ = {isa = PBXFileReference; fileEncoding = 4; lastKnownFileType = sourcecode.cpp.h; name = window.hpp; path = src/window.hpp; sourceTree = "<group>"; };
		7530DD3823AB86CC00932D02 /* Cocoa.framework */ = {isa = PBXFileReference; lastKnownFileType = wrapper.framework; name = Cocoa.framework; path = System/Library/Frameworks/Cocoa.framework; sourceTree = SDKROOT; };
		7530DD3A23AB86D500932D02 /* Metal.framework */ = {isa = PBXFileReference; lastKnownFileType = wrapper.framework; name = Metal.framework; path = System/Library/Frameworks/Metal.framework; sourceTree = SDKROOT; };
		7530DD3C23AB86DD00932D02 /* MetalKit.framework */ = {isa = PBXFileReference; lastKnownFileType = wrapper.framework; name = MetalKit.framework; path = System/Library/Frameworks/MetalKit.framework; sourceTree = SDKROOT; };
		7530DD3E23AB87C800932D02 /* lambert.metal */ = {isa = PBXFileReference; lastKnownFileType = sourcecode.metal; name = lambert.metal; path = shader/lambert.metal; sourceTree = "<group>"; };
/* End PBXFileReference section */

/* Begin PBXFrameworksBuildPhase section */
		7530DD1623AB85BE00932D02 /* Frameworks */ = {
			isa = PBXFrameworksBuildPhase;
			buildActionMask = 2147483647;
			files = (
				7530DD3D23AB86DD00932D02 /* MetalKit.framework in Frameworks */,
				7530DD3B23AB86D500932D02 /* Metal.framework in Frameworks */,
				7530DD3923AB86CC00932D02 /* Cocoa.framework in Frameworks */,
			);
			runOnlyForDeploymentPostprocessing = 0;
		};
/* End PBXFrameworksBuildPhase section */

/* Begin PBXGroup section */
		7530DD1023AB85BE00932D02 = {
			isa = PBXGroup;
			children = (
				7530DD2623AB860B00932D02 /* commonlib */,
				7530DD2823AB862200932D02 /* mtlpp */,
				7530DD2923AB863500932D02 /* shader */,
				7530DD2323AB85E000932D02 /* src */,
				7530DD1A23AB85BE00932D02 /* Products */,
				7530DD3723AB86CC00932D02 /* Frameworks */,
			);
			sourceTree = "<group>";
		};
		7530DD1A23AB85BE00932D02 /* Products */ = {
			isa = PBXGroup;
			children = (
				7530DD1923AB85BE00932D02 /* tutorial_07 */,
			);
			name = Products;
			sourceTree = "<group>";
		};
		7530DD2323AB85E000932D02 /* src */ = {
			isa = PBXGroup;
			children = (
				7530DD3523AB86AF00932D02 /* window.hpp */,
				7530DD3423AB86AF00932D02 /* window.mm */,
				7530DD2423AB85F000932D02 /* main.cpp */,
			);
			name = src;
			sourceTree = "<group>";
		};
		7530DD2623AB860B00932D02 /* commonlib */ = {
			isa = PBXGroup;
			children = (
				7530DD2723AB861500932D02 /* math */,
			);
			name = commonlib;
			sourceTree = "<group>";
		};
		7530DD2723AB861500932D02 /* math */ = {
			isa = PBXGroup;
			children = (
				7530DD3023AB868700932D02 /* Math.cpp */,
				7530DD3123AB868700932D02 /* Math.h */,
				7530DD3223AB868700932D02 /* Transform.h */,
			);
			name = math;
			sourceTree = "<group>";
		};
		7530DD2823AB862200932D02 /* mtlpp */ = {
			isa = PBXGroup;
			children = (
				7530DD2B23AB867400932D02 /* mtlpp.hpp */,
				7530DD2D23AB867400932D02 /* mtlpp.mm */,
				7530DD2C23AB867400932D02 /* textureloader.hpp */,
				7530DD2A23AB867400932D02 /* textureloader.mm */,
			);
			name = mtlpp;
			sourceTree = "<group>";
		};
		7530DD2923AB863500932D02 /* shader */ = {
			isa = PBXGroup;
			children = (
				7530DD3E23AB87C800932D02 /* lambert.metal */,
			);
			name = shader;
			sourceTree = "<group>";
		};
		7530DD3723AB86CC00932D02 /* Frameworks */ = {
			isa = PBXGroup;
			children = (
				7530DD3C23AB86DD00932D02 /* MetalKit.framework */,
				7530DD3A23AB86D500932D02 /* Metal.framework */,
				7530DD3823AB86CC00932D02 /* Cocoa.framework */,
			);
			name = Frameworks;
			sourceTree = "<group>";
		};
/* End PBXGroup section */

/* Begin PBXNativeTarget section */
		7530DD1823AB85BE00932D02 /* tutorial_07 */ = {
			isa = PBXNativeTarget;
			buildConfigurationList = 7530DD2023AB85BE00932D02 /* Build configuration list for PBXNativeTarget "tutorial_07" */;
			buildPhases = (
				7530DD1523AB85BE00932D02 /* Sources */,
				7530DD1623AB85BE00932D02 /* Frameworks */,
				7530DD1723AB85BE00932D02 /* CopyFiles */,
			);
			buildRules = (
			);
			dependencies = (
			);
			name = tutorial_07;
			productName = tutorial_07;
			productReference = 7530DD1923AB85BE00932D02 /* tutorial_07 */;
			productType = "com.apple.product-type.tool";
		};
/* End PBXNativeTarget section */

/* Begin PBXProject section */
		7530DD1123AB85BE00932D02 /* Project object */ = {
			isa = PBXProject;
			attributes = {
				LastUpgradeCheck = 1130;
				ORGANIZATIONNAME = TAKEZOH;
				TargetAttributes = {
					7530DD1823AB85BE00932D02 = {
						CreatedOnToolsVersion = 11.3;
					};
				};
			};
			buildConfigurationList = 7530DD1423AB85BE00932D02 /* Build configuration list for PBXProject "tutorial_07" */;
			compatibilityVersion = "Xcode 9.3";
			developmentRegion = en;
			hasScannedForEncodings = 0;
			knownRegions = (
				en,
				Base,
			);
			mainGroup = 7530DD1023AB85BE00932D02;
			productRefGroup = 7530DD1A23AB85BE00932D02 /* Products */;
			projectDirPath = "";
			projectRoot = "";
			targets = (
				7530DD1823AB85BE00932D02 /* tutorial_07 */,
			);
		};
/* End PBXProject section */

/* Begin PBXSourcesBuildPhase section */
		7530DD1523AB85BE00932D02 /* Sources */ = {
			isa = PBXSourcesBuildPhase;
			buildActionMask = 2147483647;
			files = (
				7530DD2E23AB867400932D02 /* textureloader.mm in Sources */,
				7530DD3623AB86AF00932D02 /* window.mm in Sources */,
				7530DD2F23AB867400932D02 /* mtlpp.mm in Sources */,
				7530DD3F23AB87C800932D02 /* lambert.metal in Sources */,
				7530DD2523AB85F000932D02 /* main.cpp in Sources */,
				7530DD3323AB868700932D02 /* Math.cpp in Sources */,
			);
			runOnlyForDeploymentPostprocessing = 0;
		};
/* End PBXSourcesBuildPhase section */

/* Begin XCBuildConfiguration section */
		7530DD1E23AB85BE00932D02 /* Debug */ = {
			isa = XCBuildConfiguration;
			buildSettings = {
				ALWAYS_SEARCH_USER_PATHS = NO;
				CLANG_ANALYZER_NONNULL = YES;
				CLANG_ANALYZER_NUMBER_OBJECT_CONVERSION = YES_AGGRESSIVE;
				CLANG_CXX_LANGUAGE_STANDARD = "gnu++14";
				CLANG_CXX_LIBRARY = "libc++";
				CLANG_ENABLE_MODULES = YES;
				CLANG_ENABLE_OBJC_ARC = YES;
				CLANG_ENABLE_OBJC_WEAK = YES;
				CLANG_WARN_BLOCK_CAPTURE_AUTORELEASING = YES;
				CLANG_WARN_BOOL_CONVERSION = YES;
				CLANG_WARN_COMMA = YES;
				CLANG_WARN_CONSTANT_CONVERSION = YES;
				CLANG_WARN_DEPRECATED_OBJC_IMPLEMENTATIONS = YES;
				CLANG_WARN_DIRECT_OBJC_ISA_USAGE = YES_ERROR;
				CLANG_WARN_DOCUMENTATION_COMMENTS = YES;
				CLANG_WARN_EMPTY_BODY = YES;
				CLANG_WARN_ENUM_CONVERSION = YES;
				CLANG_WARN_INFINITE_RECURSION = YES;
				CLANG_WARN_INT_CONVERSION = YES;
				CLANG_WARN_NON_LITERAL_NULL_CONVERSION = YES;
				CLANG_WARN_OBJC_IMPLICIT_RETAIN_SELF = YES;
				CLANG_WARN_OBJC_LITERAL_CONVERSION = YES;
				CLANG_WARN_OBJC_ROOT_CLASS = YES_ERROR;
				CLANG_WARN_RANGE_LOOP_ANALYSIS = YES;
				CLANG_WARN_STRICT_PROTOTYPES = YES;
				CLANG_WARN_SUSPICIOUS_MOVE = YES;
				CLANG_WARN_UNGUARDED_AVAILABILITY = YES_AGGRESSIVE;
				CLANG_WARN_UNREACHABLE_CODE = YES;
				CLANG_WARN__DUPLICATE_METHOD_MATCH = YES;
				COPY_PHASE_STRIP = NO;
				DEBUG_INFORMATION_FORMAT = dwarf;
				ENABLE_STRICT_OBJC_MSGSEND = YES;
				ENABLE_TESTABILITY = YES;
				GCC_C_LANGUAGE_STANDARD = gnu11;
				GCC_DYNAMIC_NO_PIC = NO;
				GCC_NO_COMMON_BLOCKS = YES;
				GCC_OPTIMIZATION_LEVEL = 0;
				GCC_PREPROCESSOR_DEFINITIONS = (
					"DEBUG=1",
					"$(inherited)",
				);
				GCC_WARN_64_TO_32_BIT_CONVERSION = YES;
				GCC_WARN_ABOUT_RETURN_TYPE = YES_ERROR;
				GCC_WARN_UNDECLARED_SELECTOR = YES;
				GCC_WARN_UNINITIALIZED_AUTOS = YES_AGGRESSIVE;
				GCC_WARN_UNUSED_FUNCTION = YES;
				GCC_WARN_UNUSED_VARIABLE = YES;
				MACOSX_DEPLOYMENT_TARGET = 10.15;
				MTL_ENABLE_DEBUG_INFO = INCLUDE_SOURCE;
				MTL_FAST_MATH = YES;
				ONLY_ACTIVE_ARCH = YES;
				SDKROOT = macosx;
			};
			name = Debug;
		};
		7530DD1F23AB85BE00932D02 /* Release */ = {
			isa = XCBuildConfiguration;
			buildSettings = {
				ALWAYS_SEARCH_USER_PATHS = NO;
				CLANG_ANALYZER_NONNULL = YES;
				CLANG_ANALYZER_NUMBER_OBJECT_CONVERSION = YES_AGGRESSIVE;
				CLANG_CXX_LANGUAGE_STANDARD = "gnu++14";
				CLANG_CXX_LIBRARY = "libc++";
				CLANG_ENABLE_MODULES = YES;
				CLANG_ENABLE_OBJC_ARC = YES;
				CLANG_ENABLE_OBJC_WEAK = YES;
				CLANG_WARN_BLOCK_CAPTURE_AUTORELEASING = YES;
				CLANG_WARN_BOOL_CONVERSION = YES;
				CLANG_WARN_COMMA = YES;
				CLANG_WARN_CONSTANT_CONVERSION = YES;
				CLANG_WARN_DEPRECATED_OBJC_IMPLEMENTATIONS = YES;
				CLANG_WARN_DIRECT_OBJC_ISA_USAGE = YES_ERROR;
				CLANG_WARN_DOCUMENTATION_COMMENTS = YES;
				CLANG_WARN_EMPTY_BODY = YES;
				CLANG_WARN_ENUM_CONVERSION = YES;
				CLANG_WARN_INFINITE_RECURSION = YES;
				CLANG_WARN_INT_CONVERSION = YES;
				CLANG_WARN_NON_LITERAL_NULL_CONVERSION = YES;
				CLANG_WARN_OBJC_IMPLICIT_RETAIN_SELF = YES;
				CLANG_WARN_OBJC_LITERAL_CONVERSION = YES;
				CLANG_WARN_OBJC_ROOT_CLASS = YES_ERROR;
				CLANG_WARN_RANGE_LOOP_ANALYSIS = YES;
				CLANG_WARN_STRICT_PROTOTYPES = YES;
				CLANG_WARN_SUSPICIOUS_MOVE = YES;
				CLANG_WARN_UNGUARDED_AVAILABILITY = YES_AGGRESSIVE;
				CLANG_WARN_UNREACHABLE_CODE = YES;
				CLANG_WARN__DUPLICATE_METHOD_MATCH = YES;
				COPY_PHASE_STRIP = NO;
				DEBUG_INFORMATION_FORMAT = "dwarf-with-dsym";
				ENABLE_NS_ASSERTIONS = NO;
				ENABLE_STRICT_OBJC_MSGSEND = YES;
				GCC_C_LANGUAGE_STANDARD = gnu11;
				GCC_NO_COMMON_BLOCKS = YES;
				GCC_WARN_64_TO_32_BIT_CONVERSION = YES;
				GCC_WARN_ABOUT_RETURN_TYPE = YES_ERROR;
				GCC_WARN_UNDECLARED_SELECTOR = YES;
				GCC_WARN_UNINITIALIZED_AUTOS = YES_AGGRESSIVE;
				GCC_WARN_UNUSED_FUNCTION = YES;
				GCC_WARN_UNUSED_VARIABLE = YES;
				MACOSX_DEPLOYMENT_TARGET = 10.15;
				MTL_ENABLE_DEBUG_INFO = NO;
				MTL_FAST_MATH = YES;
				SDKROOT = macosx;
			};
			name = Release;
		};
		7530DD2123AB85BE00932D02 /* Debug */ = {
			isa = XCBuildConfiguration;
			buildSettings = {
				CODE_SIGN_STYLE = Automatic;
				DEVELOPMENT_TEAM = 5SN6BUFR3K;
				ENABLE_HARDENED_RUNTIME = YES;
				PRODUCT_NAME = "$(TARGET_NAME)";
			};
			name = Debug;
		};
		7530DD2223AB85BE00932D02 /* Release */ = {
			isa = XCBuildConfiguration;
			buildSettings = {
				CODE_SIGN_STYLE = Automatic;
				DEVELOPMENT_TEAM = 5SN6BUFR3K;
				ENABLE_HARDENED_RUNTIME = YES;
				PRODUCT_NAME = "$(TARGET_NAME)";
			};
			name = Release;
		};
/* End XCBuildConfiguration section */

/* Begin XCConfigurationList section */
		7530DD1423AB85BE00932D02 /* Build configuration list for PBXProject "tutorial_07" */ = {
			isa = XCConfigurationList;
			buildConfigurations = (
				7530DD1E23AB85BE00932D02 /* Debug */,
				7530DD1F23AB85BE00932D02 /* Release */,
			);
			defaultConfigurationIsVisible = 0;
			defaultConfigurationName = Release;
		};
		7530DD2023AB85BE00932D02 /* Build configuration list for PBXNativeTarget "tutorial_07" */ = {
			isa = XCConfigurationList;
			buildConfigurations = (
				7530DD2123AB85BE00932D02 /* Debug */,
				7530DD2223AB85BE00932D02 /* Release */,
			);
			defaultConfigurationIsVisible = 0;
			defaultConfigurationName = Release;
		};
/* End XCConfigurationList section */
	};
	rootObject = 7530DD1123AB85BE00932D02 /* Project object */;
}
